
Microsoft Visual Studio Solution File, Format Version 12.00
# Visual Studio Version 17
VisualStudioVersion = 17.8.34330.188
MinimumVisualStudioVersion = 10.0.40219.1
Project("{9A19103F-16F7-4668-BE54-9A1E7A4F7556}") = "Stage0", "Stage0\Stage0.csproj", "{9175AE55-0C38-424E-8B0B-FE35C318412D}"
EndProject
Project("{9A19103F-16F7-4668-BE54-9A1E7A4F7556}") = "DalFacade", "DalFacade\DalFacade.csproj", "{AB51ACDF-7E52-4032-8200-FD216E809A31}"
EndProject
Project("{9A19103F-16F7-4668-BE54-9A1E7A4F7556}") = "DalList", "DalList\DalList.csproj", "{F34ADFAA-CFB0-46F4-888A-90AD0E4BDC02}"
EndProject
Project("{9A19103F-16F7-4668-BE54-9A1E7A4F7556}") = "DalTest", "DalTest\DalTest.csproj", "{0ACC7E0C-419B-4405-93E1-29A82E8688F8}"
EndProject
Project("{9A19103F-16F7-4668-BE54-9A1E7A4F7556}") = "DalXml", "DalXml\DalXml.csproj", "{4109A70E-3FE2-4914-A7F2-939645E46725}"
EndProject
Project("{2150E333-8FDC-42A3-9474-1A3956D46DE8}") = "xml", "xml", "{D3AF764B-6EE2-4CBB-84C4-4EEB04E8473C}"
	ProjectSection(SolutionItems) = preProject
		dal-config.xml = dal-config.xml
		xml\data-config.xml = xml\data-config.xml
		xml\dependency.xml = xml\dependency.xml
		xml\engineer.xml = xml\engineer.xml
		xml\task.xml = xml\task.xml
	EndProjectSection
EndProject
Global
	GlobalSection(SolutionConfigurationPlatforms) = preSolution
		Debug|Any CPU = Debug|Any CPU
		Release|Any CPU = Release|Any CPU
	EndGlobalSection
	GlobalSection(ProjectConfigurationPlatforms) = postSolution
		{9175AE55-0C38-424E-8B0B-FE35C318412D}.Debug|Any CPU.ActiveCfg = Debug|Any CPU
		{9175AE55-0C38-424E-8B0B-FE35C318412D}.Debug|Any CPU.Build.0 = Debug|Any CPU
		{9175AE55-0C38-424E-8B0B-FE35C318412D}.Release|Any CPU.ActiveCfg = Release|Any CPU
		{9175AE55-0C38-424E-8B0B-FE35C318412D}.Release|Any CPU.Build.0 = Release|Any CPU
		{AB51ACDF-7E52-4032-8200-FD216E809A31}.Debug|Any CPU.ActiveCfg = Debug|Any CPU
		{AB51ACDF-7E52-4032-8200-FD216E809A31}.Debug|Any CPU.Build.0 = Debug|Any CPU
		{AB51ACDF-7E52-4032-8200-FD216E809A31}.Release|Any CPU.ActiveCfg = Release|Any CPU
		{AB51ACDF-7E52-4032-8200-FD216E809A31}.Release|Any CPU.Build.0 = Release|Any CPU
		{F34ADFAA-CFB0-46F4-888A-90AD0E4BDC02}.Debug|Any CPU.ActiveCfg = Debug|Any CPU
		{F34ADFAA-CFB0-46F4-888A-90AD0E4BDC02}.Debug|Any CPU.Build.0 = Debug|Any CPU
		{F34ADFAA-CFB0-46F4-888A-90AD0E4BDC02}.Release|Any CPU.ActiveCfg = Release|Any CPU
		{F34ADFAA-CFB0-46F4-888A-90AD0E4BDC02}.Release|Any CPU.Build.0 = Release|Any CPU
		{0ACC7E0C-419B-4405-93E1-29A82E8688F8}.Debug|Any CPU.ActiveCfg = Debug|Any CPU
		{0ACC7E0C-419B-4405-93E1-29A82E8688F8}.Debug|Any CPU.Build.0 = Debug|Any CPU
		{0ACC7E0C-419B-4405-93E1-29A82E8688F8}.Release|Any CPU.ActiveCfg = Release|Any CPU
		{0ACC7E0C-419B-4405-93E1-29A82E8688F8}.Release|Any CPU.Build.0 = Release|Any CPU
		{4109A70E-3FE2-4914-A7F2-939645E46725}.Debug|Any CPU.ActiveCfg = Debug|Any CPU
		{4109A70E-3FE2-4914-A7F2-939645E46725}.Debug|Any CPU.Build.0 = Debug|Any CPU
		{4109A70E-3FE2-4914-A7F2-939645E46725}.Release|Any CPU.ActiveCfg = Release|Any CPU
		{4109A70E-3FE2-4914-A7F2-939645E46725}.Release|Any CPU.Build.0 = Release|Any CPU
	EndGlobalSection
	GlobalSection(SolutionProperties) = preSolution
		HideSolutionNode = FALSE
	EndGlobalSection
	GlobalSection(ExtensibilityGlobals) = postSolution
		SolutionGuid = {07B92A94-447D-4978-9E6A-E2836F1D49FE}
	EndGlobalSection
EndGlobal
